
Microsoft Visual Studio Solution File, Format Version 12.00
# Visual Studio Version 16
VisualStudioVersion = 16.0.31624.102
MinimumVisualStudioVersion = 10.0.40219.1
Project("{FAE04EC0-301F-11D3-BF4B-00C04F79EFBC}") = "CountingAreas", "CountingAreas\CountingAreas.csproj", "{8A0B684E-81D8-4AC2-A009-A441D774070C}"
EndProject
Project("{FAE04EC0-301F-11D3-BF4B-00C04F79EFBC}") = "AreaLibrary", "AreaLibrary\AreaLibrary.csproj", "{9EBC055A-DC94-4515-9097-94599652D0B5}"
EndProject
Global
	GlobalSection(SolutionConfigurationPlatforms) = preSolution
		Debug|Any CPU = Debug|Any CPU
		Release|Any CPU = Release|Any CPU
	EndGlobalSection
	GlobalSection(ProjectConfigurationPlatforms) = postSolution
		{8A0B684E-81D8-4AC2-A009-A441D774070C}.Debug|Any CPU.ActiveCfg = Debug|Any CPU
		{8A0B684E-81D8-4AC2-A009-A441D774070C}.Debug|Any CPU.Build.0 = Debug|Any CPU
		{8A0B684E-81D8-4AC2-A009-A441D774070C}.Release|Any CPU.ActiveCfg = Release|Any CPU
		{8A0B684E-81D8-4AC2-A009-A441D774070C}.Release|Any CPU.Build.0 = Release|Any CPU
		{9EBC055A-DC94-4515-9097-94599652D0B5}.Debug|Any CPU.ActiveCfg = Debug|Any CPU
		{9EBC055A-DC94-4515-9097-94599652D0B5}.Debug|Any CPU.Build.0 = Debug|Any CPU
		{9EBC055A-DC94-4515-9097-94599652D0B5}.Release|Any CPU.ActiveCfg = Release|Any CPU
		{9EBC055A-DC94-4515-9097-94599652D0B5}.Release|Any CPU.Build.0 = Release|Any CPU
	EndGlobalSection
	GlobalSection(SolutionProperties) = preSolution
		HideSolutionNode = FALSE
	EndGlobalSection
	GlobalSection(ExtensibilityGlobals) = postSolution
		SolutionGuid = {A305D053-240D-4EDF-A766-4B114D335F4D}
	EndGlobalSection
EndGlobal
